
Microsoft Visual Studio Solution File, Format Version 12.00
Project("{FAE04EC0-301F-11D3-BF4B-00C04F79EFBC}") = "NetCore.WebApiCommon.Core", "NetCore.WebApiCommon.Core\NetCore.WebApiCommon.Core.csproj", "{DDDE2F78-BC0E-44D8-8CCB-7B94F11952D6}"
EndProject
Project("{FAE04EC0-301F-11D3-BF4B-00C04F79EFBC}") = "NetCore.WebApiCommon.Core.Api", "NetCore.WebApiCommon.Core.Api\NetCore.WebApiCommon.Core.Api.csproj", "{1C009B84-3A5B-4D8A-B515-849C3493D3A4}"
EndProject
Project("{FAE04EC0-301F-11D3-BF4B-00C04F79EFBC}") = "NetCore.WebApiCommon.Core.Common", "NetCore.WebApiCommon.Core.Common\NetCore.WebApiCommon.Core.Common.csproj", "{E24C0D59-FA6A-421B-AE5B-E03B24601808}"
EndProject
Project("{2150E333-8FDC-42A3-9474-1A3956D46DE8}") = "Core", "Core", "{8923735B-C65F-442E-B16D-A039EDD55CE7}"
EndProject
Project("{FAE04EC0-301F-11D3-BF4B-00C04F79EFBC}") = "NetCore.WebApiCommon.Core.DAL", "NetCore.WebApiCommon.Core.DAL\NetCore.WebApiCommon.Core.DAL.csproj", "{7973CCF9-A5EC-4EB6-B4B3-CEEF4FD8B662}"
EndProject
Project("{2150E333-8FDC-42A3-9474-1A3956D46DE8}") = "Infrastructure", "Infrastructure", "{E7A2C758-7AA1-4354-BDD7-879DE923D364}"
EndProject
Global
	GlobalSection(SolutionConfigurationPlatforms) = preSolution
		Debug|Any CPU = Debug|Any CPU
		Release|Any CPU = Release|Any CPU
	EndGlobalSection
	GlobalSection(ProjectConfigurationPlatforms) = postSolution
		{DDDE2F78-BC0E-44D8-8CCB-7B94F11952D6}.Debug|Any CPU.ActiveCfg = Debug|Any CPU
		{DDDE2F78-BC0E-44D8-8CCB-7B94F11952D6}.Debug|Any CPU.Build.0 = Debug|Any CPU
		{DDDE2F78-BC0E-44D8-8CCB-7B94F11952D6}.Release|Any CPU.ActiveCfg = Release|Any CPU
		{DDDE2F78-BC0E-44D8-8CCB-7B94F11952D6}.Release|Any CPU.Build.0 = Release|Any CPU
		{1C009B84-3A5B-4D8A-B515-849C3493D3A4}.Debug|Any CPU.ActiveCfg = Debug|Any CPU
		{1C009B84-3A5B-4D8A-B515-849C3493D3A4}.Debug|Any CPU.Build.0 = Debug|Any CPU
		{1C009B84-3A5B-4D8A-B515-849C3493D3A4}.Release|Any CPU.ActiveCfg = Release|Any CPU
		{1C009B84-3A5B-4D8A-B515-849C3493D3A4}.Release|Any CPU.Build.0 = Release|Any CPU
		{E24C0D59-FA6A-421B-AE5B-E03B24601808}.Debug|Any CPU.ActiveCfg = Debug|Any CPU
		{E24C0D59-FA6A-421B-AE5B-E03B24601808}.Debug|Any CPU.Build.0 = Debug|Any CPU
		{E24C0D59-FA6A-421B-AE5B-E03B24601808}.Release|Any CPU.ActiveCfg = Release|Any CPU
		{E24C0D59-FA6A-421B-AE5B-E03B24601808}.Release|Any CPU.Build.0 = Release|Any CPU
		{7973CCF9-A5EC-4EB6-B4B3-CEEF4FD8B662}.Debug|Any CPU.ActiveCfg = Debug|Any CPU
		{7973CCF9-A5EC-4EB6-B4B3-CEEF4FD8B662}.Debug|Any CPU.Build.0 = Debug|Any CPU
		{7973CCF9-A5EC-4EB6-B4B3-CEEF4FD8B662}.Release|Any CPU.ActiveCfg = Release|Any CPU
		{7973CCF9-A5EC-4EB6-B4B3-CEEF4FD8B662}.Release|Any CPU.Build.0 = Release|Any CPU
	EndGlobalSection
	GlobalSection(NestedProjects) = preSolution
		{DDDE2F78-BC0E-44D8-8CCB-7B94F11952D6} = {8923735B-C65F-442E-B16D-A039EDD55CE7}
		{1C009B84-3A5B-4D8A-B515-849C3493D3A4} = {8923735B-C65F-442E-B16D-A039EDD55CE7}
		{E24C0D59-FA6A-421B-AE5B-E03B24601808} = {8923735B-C65F-442E-B16D-A039EDD55CE7}
		{7973CCF9-A5EC-4EB6-B4B3-CEEF4FD8B662} = {8923735B-C65F-442E-B16D-A039EDD55CE7}
	EndGlobalSection
EndGlobal
