
Microsoft Visual Studio Solution File, Format Version 12.00
# Visual Studio Version 17
VisualStudioVersion = 17.0.31903.59
MinimumVisualStudioVersion = 10.0.40219.1
Project("{FAE04EC0-301F-11D3-BF4B-00C04F79EFBC}") = "NetCore.WebApiCommon.Core", "NetCore.WebApiCommon.Core\NetCore.WebApiCommon.Core.csproj", "{BCB6CC88-2272-4951-AF23-B46B10E2AB9C}"
EndProject
Project("{FAE04EC0-301F-11D3-BF4B-00C04F79EFBC}") = "NetCore.WebApiCommon.Core.Api", "NetCore.WebApiCommon.Core.Api\NetCore.WebApiCommon.Core.Api.csproj", "{14A98E5E-EE86-44AE-B11E-5E4D8E9D061A}"
EndProject
Project("{FAE04EC0-301F-11D3-BF4B-00C04F79EFBC}") = "NetCore.WebApiCommon.Core.Common", "NetCore.WebApiCommon.Core.Common\NetCore.WebApiCommon.Core.Common.csproj", "{73F97280-2DAF-4E17-808E-1A7C05A48EB1}"
EndProject
Project("{FAE04EC0-301F-11D3-BF4B-00C04F79EFBC}") = "NetCore.WebApiCommon.Core.DAL", "NetCore.WebApiCommon.Core.DAL\NetCore.WebApiCommon.Core.DAL.csproj", "{2A43C14E-BD7A-42F5-8344-B60D57454791}"
EndProject
Project("{FAE04EC0-301F-11D3-BF4B-00C04F79EFBC}") = "NetCore.WebApiCommon.Infrastructure", "NetCore.WebApiCommon.Infrastructure\NetCore.WebApiCommon.Infrastructure.csproj", "{EFC33C22-01C5-4171-BA0A-92A004464D76}"
EndProject
Global
	GlobalSection(SolutionConfigurationPlatforms) = preSolution
		Debug|Any CPU = Debug|Any CPU
		Release|Any CPU = Release|Any CPU
	EndGlobalSection
	GlobalSection(SolutionProperties) = preSolution
		HideSolutionNode = FALSE
	EndGlobalSection
	GlobalSection(ProjectConfigurationPlatforms) = postSolution
		{BCB6CC88-2272-4951-AF23-B46B10E2AB9C}.Debug|Any CPU.ActiveCfg = Debug|Any CPU
		{BCB6CC88-2272-4951-AF23-B46B10E2AB9C}.Debug|Any CPU.Build.0 = Debug|Any CPU
		{BCB6CC88-2272-4951-AF23-B46B10E2AB9C}.Release|Any CPU.ActiveCfg = Release|Any CPU
		{BCB6CC88-2272-4951-AF23-B46B10E2AB9C}.Release|Any CPU.Build.0 = Release|Any CPU
		{14A98E5E-EE86-44AE-B11E-5E4D8E9D061A}.Debug|Any CPU.ActiveCfg = Debug|Any CPU
		{14A98E5E-EE86-44AE-B11E-5E4D8E9D061A}.Debug|Any CPU.Build.0 = Debug|Any CPU
		{14A98E5E-EE86-44AE-B11E-5E4D8E9D061A}.Release|Any CPU.ActiveCfg = Release|Any CPU
		{14A98E5E-EE86-44AE-B11E-5E4D8E9D061A}.Release|Any CPU.Build.0 = Release|Any CPU
		{73F97280-2DAF-4E17-808E-1A7C05A48EB1}.Debug|Any CPU.ActiveCfg = Debug|Any CPU
		{73F97280-2DAF-4E17-808E-1A7C05A48EB1}.Debug|Any CPU.Build.0 = Debug|Any CPU
		{73F97280-2DAF-4E17-808E-1A7C05A48EB1}.Release|Any CPU.ActiveCfg = Release|Any CPU
		{73F97280-2DAF-4E17-808E-1A7C05A48EB1}.Release|Any CPU.Build.0 = Release|Any CPU
		{2A43C14E-BD7A-42F5-8344-B60D57454791}.Debug|Any CPU.ActiveCfg = Debug|Any CPU
		{2A43C14E-BD7A-42F5-8344-B60D57454791}.Debug|Any CPU.Build.0 = Debug|Any CPU
		{2A43C14E-BD7A-42F5-8344-B60D57454791}.Release|Any CPU.ActiveCfg = Release|Any CPU
		{2A43C14E-BD7A-42F5-8344-B60D57454791}.Release|Any CPU.Build.0 = Release|Any CPU
		{EFC33C22-01C5-4171-BA0A-92A004464D76}.Debug|Any CPU.ActiveCfg = Debug|Any CPU
		{EFC33C22-01C5-4171-BA0A-92A004464D76}.Debug|Any CPU.Build.0 = Debug|Any CPU
		{EFC33C22-01C5-4171-BA0A-92A004464D76}.Release|Any CPU.ActiveCfg = Release|Any CPU
		{EFC33C22-01C5-4171-BA0A-92A004464D76}.Release|Any CPU.Build.0 = Release|Any CPU
	EndGlobalSection
EndGlobal
